
Microsoft Visual Studio Solution File, Format Version 12.00
# Visual Studio Version 16
VisualStudioVersion = 16.0.31025.218
MinimumVisualStudioVersion = 10.0.40219.1
Project("{FAE04EC0-301F-11D3-BF4B-00C04F79EFBC}") = "Photo Organizer", "Photo Organizer\Photo Organizer.csproj", "{1409DED8-7CA6-4807-9EBA-688E6D089305}"
EndProject
Global
	GlobalSection(SolutionConfigurationPlatforms) = preSolution
		Debug|Any CPU = Debug|Any CPU
		Release|Any CPU = Release|Any CPU
	EndGlobalSection
	GlobalSection(ProjectConfigurationPlatforms) = postSolution
		{1409DED8-7CA6-4807-9EBA-688E6D089305}.Debug|Any CPU.ActiveCfg = Debug|Any CPU
		{1409DED8-7CA6-4807-9EBA-688E6D089305}.Debug|Any CPU.Build.0 = Debug|Any CPU
		{1409DED8-7CA6-4807-9EBA-688E6D089305}.Release|Any CPU.ActiveCfg = Release|Any CPU
		{1409DED8-7CA6-4807-9EBA-688E6D089305}.Release|Any CPU.Build.0 = Release|Any CPU
	EndGlobalSection
	GlobalSection(SolutionProperties) = preSolution
		HideSolutionNode = FALSE
	EndGlobalSection
	GlobalSection(ExtensibilityGlobals) = postSolution
		SolutionGuid = {248D1450-401E-453A-BD5C-74D845089843}
	EndGlobalSection
EndGlobal
